// !$*UTF8*$!
{
	archiveVersion = 1;
	classes = {
	};
	objectVersion = 55;
	objects = {

/* Begin PBXBuildFile section */
		588598DE2929D41E006FC002 /* GoogleService-Info.plist in Resources */ = {isa = PBXBuildFile; fileRef = 588598DD2929D41E006FC002 /* GoogleService-Info.plist */; };
		588598E12929D52A006FC002 /* FirebaseAnalytics in Frameworks */ = {isa = PBXBuildFile; productRef = 588598E02929D52A006FC002 /* FirebaseAnalytics */; };
		588598E32929D52A006FC002 /* FirebaseAnalyticsSwift in Frameworks */ = {isa = PBXBuildFile; productRef = 588598E22929D52A006FC002 /* FirebaseAnalyticsSwift */; };
		588598E52929D52A006FC002 /* FirebaseAuth in Frameworks */ = {isa = PBXBuildFile; productRef = 588598E42929D52A006FC002 /* FirebaseAuth */; };
		588598E72929D52A006FC002 /* FirebaseFirestore in Frameworks */ = {isa = PBXBuildFile; productRef = 588598E62929D52A006FC002 /* FirebaseFirestore */; };
		58ED8EAD28EE0932007555B6 /* StockTradingApp.swift in Sources */ = {isa = PBXBuildFile; fileRef = 58ED8EAC28EE0932007555B6 /* StockTradingApp.swift */; };
		58ED8EAF28EE0932007555B6 /* ContentView.swift in Sources */ = {isa = PBXBuildFile; fileRef = 58ED8EAE28EE0932007555B6 /* ContentView.swift */; };
		58ED8EB128EE0932007555B6 /* Assets.xcassets in Resources */ = {isa = PBXBuildFile; fileRef = 58ED8EB028EE0932007555B6 /* Assets.xcassets */; };
		58ED8EB428EE0932007555B6 /* Preview Assets.xcassets in Resources */ = {isa = PBXBuildFile; fileRef = 58ED8EB328EE0932007555B6 /* Preview Assets.xcassets */; };
/* End PBXBuildFile section */

/* Begin PBXFileReference section */
		588598DD2929D41E006FC002 /* GoogleService-Info.plist */ = {isa = PBXFileReference; fileEncoding = 4; lastKnownFileType = text.plist.xml; path = "GoogleService-Info.plist"; sourceTree = "<group>"; };
		58ED8EA928EE0932007555B6 /* StockTradingApp.app */ = {isa = PBXFileReference; explicitFileType = wrapper.application; includeInIndex = 0; path = StockTradingApp.app; sourceTree = BUILT_PRODUCTS_DIR; };
		58ED8EAC28EE0932007555B6 /* StockTradingApp.swift */ = {isa = PBXFileReference; lastKnownFileType = sourcecode.swift; path = StockTradingApp.swift; sourceTree = "<group>"; };
		58ED8EAE28EE0932007555B6 /* ContentView.swift */ = {isa = PBXFileReference; lastKnownFileType = sourcecode.swift; path = ContentView.swift; sourceTree = "<group>"; };
		58ED8EB028EE0932007555B6 /* Assets.xcassets */ = {isa = PBXFileReference; lastKnownFileType = folder.assetcatalog; path = Assets.xcassets; sourceTree = "<group>"; };
		58ED8EB328EE0932007555B6 /* Preview Assets.xcassets */ = {isa = PBXFileReference; lastKnownFileType = folder.assetcatalog; path = "Preview Assets.xcassets"; sourceTree = "<group>"; };
		58ED8EBA28EE0BCC007555B6 /* README.md */ = {isa = PBXFileReference; lastKnownFileType = net.daringfireball.markdown; path = README.md; sourceTree = "<group>"; };
/* End PBXFileReference section */

/* Begin PBXFrameworksBuildPhase section */
		58ED8EA628EE0932007555B6 /* Frameworks */ = {
			isa = PBXFrameworksBuildPhase;
			buildActionMask = 2147483647;
			files = (
				588598E32929D52A006FC002 /* FirebaseAnalyticsSwift in Frameworks */,
				588598E72929D52A006FC002 /* FirebaseFirestore in Frameworks */,
				588598E52929D52A006FC002 /* FirebaseAuth in Frameworks */,
				588598E12929D52A006FC002 /* FirebaseAnalytics in Frameworks */,
			);
			runOnlyForDeploymentPostprocessing = 0;
		};
/* End PBXFrameworksBuildPhase section */

/* Begin PBXGroup section */
		58ED8EA028EE0932007555B6 = {
			isa = PBXGroup;
			children = (
				58ED8EBA28EE0BCC007555B6 /* README.md */,
				58ED8EAB28EE0932007555B6 /* StockTradingApp */,
				58ED8EAA28EE0932007555B6 /* Products */,
			);
			sourceTree = "<group>";
		};
		58ED8EAA28EE0932007555B6 /* Products */ = {
			isa = PBXGroup;
			children = (
				58ED8EA928EE0932007555B6 /* StockTradingApp.app */,
			);
			name = Products;
			sourceTree = "<group>";
		};
		58ED8EAB28EE0932007555B6 /* StockTradingApp */ = {
			isa = PBXGroup;
			children = (
				58ED8EAC28EE0932007555B6 /* StockTradingApp.swift */,
				58ED8EAE28EE0932007555B6 /* ContentView.swift */,
				58ED8EB028EE0932007555B6 /* Assets.xcassets */,
				588598DD2929D41E006FC002 /* GoogleService-Info.plist */,
				58ED8EB228EE0932007555B6 /* Preview Content */,
			);
			path = StockTradingApp;
			sourceTree = "<group>";
		};
		58ED8EB228EE0932007555B6 /* Preview Content */ = {
			isa = PBXGroup;
			children = (
				58ED8EB328EE0932007555B6 /* Preview Assets.xcassets */,
			);
			path = "Preview Content";
			sourceTree = "<group>";
		};
/* End PBXGroup section */

/* Begin PBXNativeTarget section */
		58ED8EA828EE0932007555B6 /* StockTradingApp */ = {
			isa = PBXNativeTarget;
			buildConfigurationList = 58ED8EB728EE0932007555B6 /* Build configuration list for PBXNativeTarget "StockTradingApp" */;
			buildPhases = (
				58ED8EA528EE0932007555B6 /* Sources */,
				58ED8EA628EE0932007555B6 /* Frameworks */,
				58ED8EA728EE0932007555B6 /* Resources */,
			);
			buildRules = (
			);
			dependencies = (
			);
			name = StockTradingApp;
			packageProductDependencies = (
				588598E02929D52A006FC002 /* FirebaseAnalytics */,
				588598E22929D52A006FC002 /* FirebaseAnalyticsSwift */,
				588598E42929D52A006FC002 /* FirebaseAuth */,
				588598E62929D52A006FC002 /* FirebaseFirestore */,
			);
			productName = StockTradingApp;
			productReference = 58ED8EA928EE0932007555B6 /* StockTradingApp.app */;
			productType = "com.apple.product-type.application";
		};
/* End PBXNativeTarget section */

/* Begin PBXProject section */
		58ED8EA128EE0932007555B6 /* Project object */ = {
			isa = PBXProject;
			attributes = {
				BuildIndependentTargetsInParallel = 1;
				LastSwiftUpdateCheck = 1340;
				LastUpgradeCheck = 1340;
				TargetAttributes = {
					58ED8EA828EE0932007555B6 = {
						CreatedOnToolsVersion = 13.4.1;
					};
				};
			};
			buildConfigurationList = 58ED8EA428EE0932007555B6 /* Build configuration list for PBXProject "StockTradingApp" */;
			compatibilityVersion = "Xcode 13.0";
			developmentRegion = en;
			hasScannedForEncodings = 0;
			knownRegions = (
				en,
				Base,
			);
			mainGroup = 58ED8EA028EE0932007555B6;
			packageReferences = (
				588598DF2929D52A006FC002 /* XCRemoteSwiftPackageReference "firebase-ios-sdk" */,
			);
			productRefGroup = 58ED8EAA28EE0932007555B6 /* Products */;
			projectDirPath = "";
			projectRoot = "";
			targets = (
				58ED8EA828EE0932007555B6 /* StockTradingApp */,
			);
		};
/* End PBXProject section */

/* Begin PBXResourcesBuildPhase section */
		58ED8EA728EE0932007555B6 /* Resources */ = {
			isa = PBXResourcesBuildPhase;
			buildActionMask = 2147483647;
			files = (
				58ED8EB428EE0932007555B6 /* Preview Assets.xcassets in Resources */,
				58ED8EB128EE0932007555B6 /* Assets.xcassets in Resources */,
				588598DE2929D41E006FC002 /* GoogleService-Info.plist in Resources */,
			);
			runOnlyForDeploymentPostprocessing = 0;
		};
/* End PBXResourcesBuildPhase section */

/* Begin PBXSourcesBuildPhase section */
		58ED8EA528EE0932007555B6 /* Sources */ = {
			isa = PBXSourcesBuildPhase;
			buildActionMask = 2147483647;
			files = (
				58ED8EAF28EE0932007555B6 /* ContentView.swift in Sources */,
				58ED8EAD28EE0932007555B6 /* StockTradingApp.swift in Sources */,
			);
			runOnlyForDeploymentPostprocessing = 0;
		};
/* End PBXSourcesBuildPhase section */

/* Begin XCBuildConfiguration section */
		58ED8EB528EE0932007555B6 /* Debug */ = {
			isa = XCBuildConfiguration;
			buildSettings = {
				ALWAYS_SEARCH_USER_PATHS = NO;
				CLANG_ANALYZER_NONNULL = YES;
				CLANG_ANALYZER_NUMBER_OBJECT_CONVERSION = YES_AGGRESSIVE;
				CLANG_CXX_LANGUAGE_STANDARD = "gnu++17";
				CLANG_ENABLE_MODULES = YES;
				CLANG_ENABLE_OBJC_ARC = YES;
				CLANG_ENABLE_OBJC_WEAK = YES;
				CLANG_WARN_BLOCK_CAPTURE_AUTORELEASING = YES;
				CLANG_WARN_BOOL_CONVERSION = YES;
				CLANG_WARN_COMMA = YES;
				CLANG_WARN_CONSTANT_CONVERSION = YES;
				CLANG_WARN_DEPRECATED_OBJC_IMPLEMENTATIONS = YES;
				CLANG_WARN_DIRECT_OBJC_ISA_USAGE = YES_ERROR;
				CLANG_WARN_DOCUMENTATION_COMMENTS = YES;
				CLANG_WARN_EMPTY_BODY = YES;
				CLANG_WARN_ENUM_CONVERSION = YES;
				CLANG_WARN_INFINITE_RECURSION = YES;
				CLANG_WARN_INT_CONVERSION = YES;
				CLANG_WARN_NON_LITERAL_NULL_CONVERSION = YES;
				CLANG_WARN_OBJC_IMPLICIT_RETAIN_SELF = YES;
				CLANG_WARN_OBJC_LITERAL_CONVERSION = YES;
				CLANG_WARN_OBJC_ROOT_CLASS = YES_ERROR;
				CLANG_WARN_QUOTED_INCLUDE_IN_FRAMEWORK_HEADER = YES;
				CLANG_WARN_RANGE_LOOP_ANALYSIS = YES;
				CLANG_WARN_STRICT_PROTOTYPES = YES;
				CLANG_WARN_SUSPICIOUS_MOVE = YES;
				CLANG_WARN_UNGUARDED_AVAILABILITY = YES_AGGRESSIVE;
				CLANG_WARN_UNREACHABLE_CODE = YES;
				CLANG_WARN__DUPLICATE_METHOD_MATCH = YES;
				COPY_PHASE_STRIP = NO;
				DEBUG_INFORMATION_FORMAT = dwarf;
				ENABLE_STRICT_OBJC_MSGSEND = YES;
				ENABLE_TESTABILITY = YES;
				GCC_C_LANGUAGE_STANDARD = gnu11;
				GCC_DYNAMIC_NO_PIC = NO;
				GCC_NO_COMMON_BLOCKS = YES;
				GCC_OPTIMIZATION_LEVEL = 0;
				GCC_PREPROCESSOR_DEFINITIONS = (
					"DEBUG=1",
					"$(inherited)",
				);
				GCC_WARN_64_TO_32_BIT_CONVERSION = YES;
				GCC_WARN_ABOUT_RETURN_TYPE = YES_ERROR;
				GCC_WARN_UNDECLARED_SELECTOR = YES;
				GCC_WARN_UNINITIALIZED_AUTOS = YES_AGGRESSIVE;
				GCC_WARN_UNUSED_FUNCTION = YES;
				GCC_WARN_UNUSED_VARIABLE = YES;
				IPHONEOS_DEPLOYMENT_TARGET = 15.5;
				MTL_ENABLE_DEBUG_INFO = INCLUDE_SOURCE;
				MTL_FAST_MATH = YES;
				ONLY_ACTIVE_ARCH = YES;
				SDKROOT = iphoneos;
				SWIFT_ACTIVE_COMPILATION_CONDITIONS = DEBUG;
				SWIFT_OPTIMIZATION_LEVEL = "-Onone";
			};
			name = Debug;
		};
		58ED8EB628EE0932007555B6 /* Release */ = {
			isa = XCBuildConfiguration;
			buildSettings = {
				ALWAYS_SEARCH_USER_PATHS = NO;
				CLANG_ANALYZER_NONNULL = YES;
				CLANG_ANALYZER_NUMBER_OBJECT_CONVERSION = YES_AGGRESSIVE;
				CLANG_CXX_LANGUAGE_STANDARD = "gnu++17";
				CLANG_ENABLE_MODULES = YES;
				CLANG_ENABLE_OBJC_ARC = YES;
				CLANG_ENABLE_OBJC_WEAK = YES;
				CLANG_WARN_BLOCK_CAPTURE_AUTORELEASING = YES;
				CLANG_WARN_BOOL_CONVERSION = YES;
				CLANG_WARN_COMMA = YES;
				CLANG_WARN_CONSTANT_CONVERSION = YES;
				CLANG_WARN_DEPRECATED_OBJC_IMPLEMENTATIONS = YES;
				CLANG_WARN_DIRECT_OBJC_ISA_USAGE = YES_ERROR;
				CLANG_WARN_DOCUMENTATION_COMMENTS = YES;
				CLANG_WARN_EMPTY_BODY = YES;
				CLANG_WARN_ENUM_CONVERSION = YES;
				CLANG_WARN_INFINITE_RECURSION = YES;
				CLANG_WARN_INT_CONVERSION = YES;
				CLANG_WARN_NON_LITERAL_NULL_CONVERSION = YES;
				CLANG_WARN_OBJC_IMPLICIT_RETAIN_SELF = YES;
				CLANG_WARN_OBJC_LITERAL_CONVERSION = YES;
				CLANG_WARN_OBJC_ROOT_CLASS = YES_ERROR;
				CLANG_WARN_QUOTED_INCLUDE_IN_FRAMEWORK_HEADER = YES;
				CLANG_WARN_RANGE_LOOP_ANALYSIS = YES;
				CLANG_WARN_STRICT_PROTOTYPES = YES;
				CLANG_WARN_SUSPICIOUS_MOVE = YES;
				CLANG_WARN_UNGUARDED_AVAILABILITY = YES_AGGRESSIVE;
				CLANG_WARN_UNREACHABLE_CODE = YES;
				CLANG_WARN__DUPLICATE_METHOD_MATCH = YES;
				COPY_PHASE_STRIP = NO;
				DEBUG_INFORMATION_FORMAT = "dwarf-with-dsym";
				ENABLE_NS_ASSERTIONS = NO;
				ENABLE_STRICT_OBJC_MSGSEND = YES;
				GCC_C_LANGUAGE_STANDARD = gnu11;
				GCC_NO_COMMON_BLOCKS = YES;
				GCC_WARN_64_TO_32_BIT_CONVERSION = YES;
				GCC_WARN_ABOUT_RETURN_TYPE = YES_ERROR;
				GCC_WARN_UNDECLARED_SELECTOR = YES;
				GCC_WARN_UNINITIALIZED_AUTOS = YES_AGGRESSIVE;
				GCC_WARN_UNUSED_FUNCTION = YES;
				GCC_WARN_UNUSED_VARIABLE = YES;
				IPHONEOS_DEPLOYMENT_TARGET = 15.5;
				MTL_ENABLE_DEBUG_INFO = NO;
				MTL_FAST_MATH = YES;
				SDKROOT = iphoneos;
				SWIFT_COMPILATION_MODE = wholemodule;
				SWIFT_OPTIMIZATION_LEVEL = "-O";
				VALIDATE_PRODUCT = YES;
			};
			name = Release;
		};
		58ED8EB828EE0932007555B6 /* Debug */ = {
			isa = XCBuildConfiguration;
			buildSettings = {
				ASSETCATALOG_COMPILER_APPICON_NAME = AppIcon;
				ASSETCATALOG_COMPILER_GLOBAL_ACCENT_COLOR_NAME = AccentColor;
				CODE_SIGN_STYLE = Automatic;
				CURRENT_PROJECT_VERSION = 1;
				DEVELOPMENT_ASSET_PATHS = "\"StockTradingApp/Preview Content\"";
				DEVELOPMENT_TEAM = 3GHCZ599GT;
				ENABLE_PREVIEWS = YES;
				GENERATE_INFOPLIST_FILE = YES;
				INFOPLIST_KEY_UIApplicationSceneManifest_Generation = YES;
				INFOPLIST_KEY_UIApplicationSupportsIndirectInputEvents = YES;
				INFOPLIST_KEY_UILaunchScreen_Generation = YES;
				INFOPLIST_KEY_UISupportedInterfaceOrientations_iPad = "UIInterfaceOrientationPortrait UIInterfaceOrientationPortraitUpsideDown UIInterfaceOrientationLandscapeLeft UIInterfaceOrientationLandscapeRight";
				INFOPLIST_KEY_UISupportedInterfaceOrientations_iPhone = "UIInterfaceOrientationPortrait UIInterfaceOrientationLandscapeLeft UIInterfaceOrientationLandscapeRight";
				IPHONEOS_DEPLOYMENT_TARGET = 16.0;
				LD_RUNPATH_SEARCH_PATHS = (
					"$(inherited)",
					"@executable_path/Frameworks",
				);
				MARKETING_VERSION = 1.0;
				PRODUCT_BUNDLE_IDENTIFIER = com.zk.StockTradingApp;
				PRODUCT_NAME = "$(TARGET_NAME)";
				SWIFT_EMIT_LOC_STRINGS = YES;
				SWIFT_VERSION = 5.0;
				TARGETED_DEVICE_FAMILY = "1,2";
			};
			name = Debug;
		};
		58ED8EB928EE0932007555B6 /* Release */ = {
			isa = XCBuildConfiguration;
			buildSettings = {
				ASSETCATALOG_COMPILER_APPICON_NAME = AppIcon;
				ASSETCATALOG_COMPILER_GLOBAL_ACCENT_COLOR_NAME = AccentColor;
				CODE_SIGN_STYLE = Automatic;
				CURRENT_PROJECT_VERSION = 1;
				DEVELOPMENT_ASSET_PATHS = "\"StockTradingApp/Preview Content\"";
				DEVELOPMENT_TEAM = 3GHCZ599GT;
				ENABLE_PREVIEWS = YES;
				GENERATE_INFOPLIST_FILE = YES;
				INFOPLIST_KEY_UIApplicationSceneManifest_Generation = YES;
				INFOPLIST_KEY_UIApplicationSupportsIndirectInputEvents = YES;
				INFOPLIST_KEY_UILaunchScreen_Generation = YES;
				INFOPLIST_KEY_UISupportedInterfaceOrientations_iPad = "UIInterfaceOrientationPortrait UIInterfaceOrientationPortraitUpsideDown UIInterfaceOrientationLandscapeLeft UIInterfaceOrientationLandscapeRight";
				INFOPLIST_KEY_UISupportedInterfaceOrientations_iPhone = "UIInterfaceOrientationPortrait UIInterfaceOrientationLandscapeLeft UIInterfaceOrientationLandscapeRight";
				IPHONEOS_DEPLOYMENT_TARGET = 16.0;
				LD_RUNPATH_SEARCH_PATHS = (
					"$(inherited)",
					"@executable_path/Frameworks",
				);
				MARKETING_VERSION = 1.0;
				PRODUCT_BUNDLE_IDENTIFIER = com.zk.StockTradingApp;
				PRODUCT_NAME = "$(TARGET_NAME)";
				SWIFT_EMIT_LOC_STRINGS = YES;
				SWIFT_VERSION = 5.0;
				TARGETED_DEVICE_FAMILY = "1,2";
			};
			name = Release;
		};
/* End XCBuildConfiguration section */

/* Begin XCConfigurationList section */
		58ED8EA428EE0932007555B6 /* Build configuration list for PBXProject "StockTradingApp" */ = {
			isa = XCConfigurationList;
			buildConfigurations = (
				58ED8EB528EE0932007555B6 /* Debug */,
				58ED8EB628EE0932007555B6 /* Release */,
			);
			defaultConfigurationIsVisible = 0;
			defaultConfigurationName = Release;
		};
		58ED8EB728EE0932007555B6 /* Build configuration list for PBXNativeTarget "StockTradingApp" */ = {
			isa = XCConfigurationList;
			buildConfigurations = (
				58ED8EB828EE0932007555B6 /* Debug */,
				58ED8EB928EE0932007555B6 /* Release */,
			);
			defaultConfigurationIsVisible = 0;
			defaultConfigurationName = Release;
		};
/* End XCConfigurationList section */

/* Begin XCRemoteSwiftPackageReference section */
		588598DF2929D52A006FC002 /* XCRemoteSwiftPackageReference "firebase-ios-sdk" */ = {
			isa = XCRemoteSwiftPackageReference;
			repositoryURL = "https://github.com/firebase/firebase-ios-sdk";
			requirement = {
				kind = upToNextMajorVersion;
				minimumVersion = 9.0.0;
			};
		};
/* End XCRemoteSwiftPackageReference section */

/* Begin XCSwiftPackageProductDependency section */
		588598E02929D52A006FC002 /* FirebaseAnalytics */ = {
			isa = XCSwiftPackageProductDependency;
			package = 588598DF2929D52A006FC002 /* XCRemoteSwiftPackageReference "firebase-ios-sdk" */;
			productName = FirebaseAnalytics;
		};
		588598E22929D52A006FC002 /* FirebaseAnalyticsSwift */ = {
			isa = XCSwiftPackageProductDependency;
			package = 588598DF2929D52A006FC002 /* XCRemoteSwiftPackageReference "firebase-ios-sdk" */;
			productName = FirebaseAnalyticsSwift;
		};
		588598E42929D52A006FC002 /* FirebaseAuth */ = {
			isa = XCSwiftPackageProductDependency;
			package = 588598DF2929D52A006FC002 /* XCRemoteSwiftPackageReference "firebase-ios-sdk" */;
			productName = FirebaseAuth;
		};
		588598E62929D52A006FC002 /* FirebaseFirestore */ = {
			isa = XCSwiftPackageProductDependency;
			package = 588598DF2929D52A006FC002 /* XCRemoteSwiftPackageReference "firebase-ios-sdk" */;
			productName = FirebaseFirestore;
		};
/* End XCSwiftPackageProductDependency section */
	};
	rootObject = 58ED8EA128EE0932007555B6 /* Project object */;
}
