// !$*UTF8*$!
{
	archiveVersion = 1;
	classes = {
	};
	objectVersion = 55;
	objects = {

/* Begin PBXBuildFile section */
		588598DE2929D41E006FC002 /* GoogleService-Info.plist in Resources */ = {isa = PBXBuildFile; fileRef = 588598DD2929D41E006FC002 /* GoogleService-Info.plist */; };
		588598E12929D52A006FC002 /* FirebaseAnalytics in Frameworks */ = {isa = PBXBuildFile; productRef = 588598E02929D52A006FC002 /* FirebaseAnalytics */; };
		588598E32929D52A006FC002 /* FirebaseAnalyticsSwift in Frameworks */ = {isa = PBXBuildFile; productRef = 588598E22929D52A006FC002 /* FirebaseAnalyticsSwift */; };
		588598E52929D52A006FC002 /* FirebaseAuth in Frameworks */ = {isa = PBXBuildFile; productRef = 588598E42929D52A006FC002 /* FirebaseAuth */; };
		588598E72929D52A006FC002 /* FirebaseFirestore in Frameworks */ = {isa = PBXBuildFile; productRef = 588598E62929D52A006FC002 /* FirebaseFirestore */; };
		588598E9292AABB0006FC002 /* AuthenticatedView.swift in Sources */ = {isa = PBXBuildFile; fileRef = 588598E8292AABB0006FC002 /* AuthenticatedView.swift */; };
		588598EB292AAC47006FC002 /* HomePageView.swift in Sources */ = {isa = PBXBuildFile; fileRef = 588598EA292AAC47006FC002 /* HomePageView.swift */; };
		588598ED292AADE8006FC002 /* AuthenticationViewModel.swift in Sources */ = {isa = PBXBuildFile; fileRef = 588598EC292AADE8006FC002 /* AuthenticationViewModel.swift */; };
		588598EF292AAF5B006FC002 /* AuthenticationView.swift in Sources */ = {isa = PBXBuildFile; fileRef = 588598EE292AAF5B006FC002 /* AuthenticationView.swift */; };
		588598F1292AAFFC006FC002 /* LoginView.swift in Sources */ = {isa = PBXBuildFile; fileRef = 588598F0292AAFFC006FC002 /* LoginView.swift */; };
		588598F3292AB03B006FC002 /* SignupView.swift in Sources */ = {isa = PBXBuildFile; fileRef = 588598F2292AB03B006FC002 /* SignupView.swift */; };
		588598F5292AB111006FC002 /* UserProfileView.swift in Sources */ = {isa = PBXBuildFile; fileRef = 588598F4292AB111006FC002 /* UserProfileView.swift */; };
		58C88D7729312C7600930178 /* AppExtensions.swift in Sources */ = {isa = PBXBuildFile; fileRef = 58C88D7629312C7600930178 /* AppExtensions.swift */; };
		58C88D7F29313EC300930178 /* CircleButtonView.swift in Sources */ = {isa = PBXBuildFile; fileRef = 58C88D7E29313EC300930178 /* CircleButtonView.swift */; };
		58C88D872931BD9900930178 /* RippleAnimation.swift in Sources */ = {isa = PBXBuildFile; fileRef = 58C88D862931BD9900930178 /* RippleAnimation.swift */; };
		58C88DBA2932BC9D00930178 /* MainView.swift in Sources */ = {isa = PBXBuildFile; fileRef = 58C88DB92932BC9D00930178 /* MainView.swift */; };
		58C88DBC2932BCAB00930178 /* SignUpView.swift in Sources */ = {isa = PBXBuildFile; fileRef = 58C88DBB2932BCAB00930178 /* SignUpView.swift */; };
		58C88DBE2932BCC600930178 /* SignInView.swift in Sources */ = {isa = PBXBuildFile; fileRef = 58C88DBD2932BCC600930178 /* SignInView.swift */; };
		58C88DC12932BD0C00930178 /* ViewRouter.swift in Sources */ = {isa = PBXBuildFile; fileRef = 58C88DC02932BD0C00930178 /* ViewRouter.swift */; };
		58C88DC32932BDBF00930178 /* HomeView.swift in Sources */ = {isa = PBXBuildFile; fileRef = 58C88DC22932BDBF00930178 /* HomeView.swift */; };
		58C88DC62932FD2500930178 /* EquityModel.swift in Sources */ = {isa = PBXBuildFile; fileRef = 58C88DC52932FD2500930178 /* EquityModel.swift */; };
		58C88DC9293542FE00930178 /* CryptoModel.swift in Sources */ = {isa = PBXBuildFile; fileRef = 58C88DC8293542FE00930178 /* CryptoModel.swift */; };
		58C88DCB2935653300930178 /* CryptoRowView.swift in Sources */ = {isa = PBXBuildFile; fileRef = 58C88DCA2935653300930178 /* CryptoRowView.swift */; };
		58C88DCD2935941400930178 /* HomeViewModel.swift in Sources */ = {isa = PBXBuildFile; fileRef = 58C88DCC2935941400930178 /* HomeViewModel.swift */; };
		58C88DCF2936D9DE00930178 /* AssetImageView.swift in Sources */ = {isa = PBXBuildFile; fileRef = 58C88DCE2936D9DE00930178 /* AssetImageView.swift */; };
		58C88DD82937C7C600930178 /* SearchBarView.swift in Sources */ = {isa = PBXBuildFile; fileRef = 58C88DD72937C7C600930178 /* SearchBarView.swift */; };
		58C88DDC293D1BD300930178 /* AssetService.swift in Sources */ = {isa = PBXBuildFile; fileRef = 58C88DDB293D1BD300930178 /* AssetService.swift */; };
		58C88DDE293D340200930178 /* NetworkModel.swift in Sources */ = {isa = PBXBuildFile; fileRef = 58C88DDD293D340200930178 /* NetworkModel.swift */; };
		58C88DE0293D4B7500930178 /* MarketTabModel.swift in Sources */ = {isa = PBXBuildFile; fileRef = 58C88DDF293D4B7500930178 /* MarketTabModel.swift */; };
		58C88DE2293D578900930178 /* MarketTabView.swift in Sources */ = {isa = PBXBuildFile; fileRef = 58C88DE1293D578900930178 /* MarketTabView.swift */; };
		58ED8EAD28EE0932007555B6 /* StockTradingApp.swift in Sources */ = {isa = PBXBuildFile; fileRef = 58ED8EAC28EE0932007555B6 /* StockTradingApp.swift */; };
		58ED8EB128EE0932007555B6 /* Assets.xcassets in Resources */ = {isa = PBXBuildFile; fileRef = 58ED8EB028EE0932007555B6 /* Assets.xcassets */; };
		58ED8EB428EE0932007555B6 /* Preview Assets.xcassets in Resources */ = {isa = PBXBuildFile; fileRef = 58ED8EB328EE0932007555B6 /* Preview Assets.xcassets */; };
/* End PBXBuildFile section */

/* Begin PBXFileReference section */
		588598DD2929D41E006FC002 /* GoogleService-Info.plist */ = {isa = PBXFileReference; fileEncoding = 4; lastKnownFileType = text.plist.xml; path = "GoogleService-Info.plist"; sourceTree = "<group>"; };
		588598E8292AABB0006FC002 /* AuthenticatedView.swift */ = {isa = PBXFileReference; lastKnownFileType = sourcecode.swift; path = AuthenticatedView.swift; sourceTree = "<group>"; };
		588598EA292AAC47006FC002 /* HomePageView.swift */ = {isa = PBXFileReference; lastKnownFileType = sourcecode.swift; path = HomePageView.swift; sourceTree = "<group>"; };
		588598EC292AADE8006FC002 /* AuthenticationViewModel.swift */ = {isa = PBXFileReference; lastKnownFileType = sourcecode.swift; path = AuthenticationViewModel.swift; sourceTree = "<group>"; };
		588598EE292AAF5B006FC002 /* AuthenticationView.swift */ = {isa = PBXFileReference; lastKnownFileType = sourcecode.swift; path = AuthenticationView.swift; sourceTree = "<group>"; };
		588598F0292AAFFC006FC002 /* LoginView.swift */ = {isa = PBXFileReference; lastKnownFileType = sourcecode.swift; path = LoginView.swift; sourceTree = "<group>"; };
		588598F2292AB03B006FC002 /* SignupView.swift */ = {isa = PBXFileReference; lastKnownFileType = sourcecode.swift; path = SignupView.swift; sourceTree = "<group>"; };
		588598F4292AB111006FC002 /* UserProfileView.swift */ = {isa = PBXFileReference; lastKnownFileType = sourcecode.swift; path = UserProfileView.swift; sourceTree = "<group>"; };
		58C88D7629312C7600930178 /* AppExtensions.swift */ = {isa = PBXFileReference; lastKnownFileType = sourcecode.swift; path = AppExtensions.swift; sourceTree = "<group>"; };
		58C88D7E29313EC300930178 /* CircleButtonView.swift */ = {isa = PBXFileReference; lastKnownFileType = sourcecode.swift; path = CircleButtonView.swift; sourceTree = "<group>"; };
		58C88D862931BD9900930178 /* RippleAnimation.swift */ = {isa = PBXFileReference; lastKnownFileType = sourcecode.swift; path = RippleAnimation.swift; sourceTree = "<group>"; };
		58C88DB92932BC9D00930178 /* MainView.swift */ = {isa = PBXFileReference; lastKnownFileType = sourcecode.swift; path = MainView.swift; sourceTree = "<group>"; };
		58C88DBB2932BCAB00930178 /* SignUpView.swift */ = {isa = PBXFileReference; lastKnownFileType = sourcecode.swift; path = SignUpView.swift; sourceTree = "<group>"; };
		58C88DBD2932BCC600930178 /* SignInView.swift */ = {isa = PBXFileReference; lastKnownFileType = sourcecode.swift; path = SignInView.swift; sourceTree = "<group>"; };
		58C88DC02932BD0C00930178 /* ViewRouter.swift */ = {isa = PBXFileReference; lastKnownFileType = sourcecode.swift; path = ViewRouter.swift; sourceTree = "<group>"; };
		58C88DC22932BDBF00930178 /* HomeView.swift */ = {isa = PBXFileReference; lastKnownFileType = sourcecode.swift; path = HomeView.swift; sourceTree = "<group>"; };
		58C88DC52932FD2500930178 /* EquityModel.swift */ = {isa = PBXFileReference; lastKnownFileType = sourcecode.swift; path = EquityModel.swift; sourceTree = "<group>"; };
		58C88DC8293542FE00930178 /* CryptoModel.swift */ = {isa = PBXFileReference; lastKnownFileType = sourcecode.swift; path = CryptoModel.swift; sourceTree = "<group>"; };
		58C88DCA2935653300930178 /* CryptoRowView.swift */ = {isa = PBXFileReference; lastKnownFileType = sourcecode.swift; path = CryptoRowView.swift; sourceTree = "<group>"; };
		58C88DCC2935941400930178 /* HomeViewModel.swift */ = {isa = PBXFileReference; lastKnownFileType = sourcecode.swift; path = HomeViewModel.swift; sourceTree = "<group>"; };
		58C88DCE2936D9DE00930178 /* AssetImageView.swift */ = {isa = PBXFileReference; lastKnownFileType = sourcecode.swift; path = AssetImageView.swift; sourceTree = "<group>"; };
		58C88DD72937C7C600930178 /* SearchBarView.swift */ = {isa = PBXFileReference; lastKnownFileType = sourcecode.swift; path = SearchBarView.swift; sourceTree = "<group>"; };
		58C88DDB293D1BD300930178 /* AssetService.swift */ = {isa = PBXFileReference; lastKnownFileType = sourcecode.swift; path = AssetService.swift; sourceTree = "<group>"; };
		58C88DDD293D340200930178 /* NetworkModel.swift */ = {isa = PBXFileReference; lastKnownFileType = sourcecode.swift; path = NetworkModel.swift; sourceTree = "<group>"; };
		58C88DDF293D4B7500930178 /* MarketTabModel.swift */ = {isa = PBXFileReference; lastKnownFileType = sourcecode.swift; path = MarketTabModel.swift; sourceTree = "<group>"; };
		58C88DE1293D578900930178 /* MarketTabView.swift */ = {isa = PBXFileReference; lastKnownFileType = sourcecode.swift; path = MarketTabView.swift; sourceTree = "<group>"; };
		58ED8EA928EE0932007555B6 /* StockTradingApp.app */ = {isa = PBXFileReference; explicitFileType = wrapper.application; includeInIndex = 0; path = StockTradingApp.app; sourceTree = BUILT_PRODUCTS_DIR; };
		58ED8EAC28EE0932007555B6 /* StockTradingApp.swift */ = {isa = PBXFileReference; lastKnownFileType = sourcecode.swift; path = StockTradingApp.swift; sourceTree = "<group>"; };
		58ED8EB028EE0932007555B6 /* Assets.xcassets */ = {isa = PBXFileReference; lastKnownFileType = folder.assetcatalog; path = Assets.xcassets; sourceTree = "<group>"; };
		58ED8EB328EE0932007555B6 /* Preview Assets.xcassets */ = {isa = PBXFileReference; lastKnownFileType = folder.assetcatalog; path = "Preview Assets.xcassets"; sourceTree = "<group>"; };
		58ED8EBA28EE0BCC007555B6 /* README.md */ = {isa = PBXFileReference; lastKnownFileType = net.daringfireball.markdown; path = README.md; sourceTree = "<group>"; };
/* End PBXFileReference section */

/* Begin PBXFrameworksBuildPhase section */
		58ED8EA628EE0932007555B6 /* Frameworks */ = {
			isa = PBXFrameworksBuildPhase;
			buildActionMask = 2147483647;
			files = (
				588598E32929D52A006FC002 /* FirebaseAnalyticsSwift in Frameworks */,
				588598E72929D52A006FC002 /* FirebaseFirestore in Frameworks */,
				588598E52929D52A006FC002 /* FirebaseAuth in Frameworks */,
				588598E12929D52A006FC002 /* FirebaseAnalytics in Frameworks */,
			);
			runOnlyForDeploymentPostprocessing = 0;
		};
/* End PBXFrameworksBuildPhase section */

/* Begin PBXGroup section */
		58C88D7529312C6000930178 /* Extensions */ = {
			isa = PBXGroup;
			children = (
				58C88D7629312C7600930178 /* AppExtensions.swift */,
			);
			path = Extensions;
			sourceTree = "<group>";
		};
		58C88D7829312E4700930178 /* Authentication */ = {
			isa = PBXGroup;
			children = (
				58C88D7A29312E5A00930178 /* ViewModels */,
				58C88D7929312E5300930178 /* Views */,
			);
			path = Authentication;
			sourceTree = "<group>";
		};
		58C88D7929312E5300930178 /* Views */ = {
			isa = PBXGroup;
			children = (
				588598E8292AABB0006FC002 /* AuthenticatedView.swift */,
				588598EE292AAF5B006FC002 /* AuthenticationView.swift */,
				588598F0292AAFFC006FC002 /* LoginView.swift */,
				588598F2292AB03B006FC002 /* SignupView.swift */,
			);
			path = Views;
			sourceTree = "<group>";
		};
		58C88D7A29312E5A00930178 /* ViewModels */ = {
			isa = PBXGroup;
			children = (
				588598EC292AADE8006FC002 /* AuthenticationViewModel.swift */,
			);
			path = ViewModels;
			sourceTree = "<group>";
		};
		58C88D7C29313E7400930178 /* Components */ = {
			isa = PBXGroup;
			children = (
				58C88D7E29313EC300930178 /* CircleButtonView.swift */,
				58C88DCE2936D9DE00930178 /* AssetImageView.swift */,
				58C88DD72937C7C600930178 /* SearchBarView.swift */,
				58C88DE1293D578900930178 /* MarketTabView.swift */,
			);
			path = Components;
			sourceTree = "<group>";
		};
		58C88D802931402E00930178 /* Home */ = {
			isa = PBXGroup;
			children = (
				58C88D822931404800930178 /* ViewModels */,
				58C88D812931404200930178 /* Views */,
			);
			path = Home;
			sourceTree = "<group>";
		};
		58C88D812931404200930178 /* Views */ = {
			isa = PBXGroup;
			children = (
				588598EA292AAC47006FC002 /* HomePageView.swift */,
				588598F4292AB111006FC002 /* UserProfileView.swift */,
				58C88DC22932BDBF00930178 /* HomeView.swift */,
				58C88DCA2935653300930178 /* CryptoRowView.swift */,
			);
			path = Views;
			sourceTree = "<group>";
		};
		58C88D822931404800930178 /* ViewModels */ = {
			isa = PBXGroup;
			children = (
				58C88DCC2935941400930178 /* HomeViewModel.swift */,
			);
			path = ViewModels;
			sourceTree = "<group>";
		};
		58C88D852931BD7A00930178 /* CustomAnimations */ = {
			isa = PBXGroup;
			children = (
				58C88D862931BD9900930178 /* RippleAnimation.swift */,
			);
			path = CustomAnimations;
			sourceTree = "<group>";
		};
		58C88DB72932BC6100930178 /* UserAuthentication */ = {
			isa = PBXGroup;
			children = (
				58C88DBF2932BCE700930178 /* ViewModels */,
				58C88DB82932BC8F00930178 /* Views */,
			);
			path = UserAuthentication;
			sourceTree = "<group>";
		};
		58C88DB82932BC8F00930178 /* Views */ = {
			isa = PBXGroup;
			children = (
				58C88DB92932BC9D00930178 /* MainView.swift */,
				58C88DBB2932BCAB00930178 /* SignUpView.swift */,
				58C88DBD2932BCC600930178 /* SignInView.swift */,
			);
			path = Views;
			sourceTree = "<group>";
		};
		58C88DBF2932BCE700930178 /* ViewModels */ = {
			isa = PBXGroup;
			children = (
				58C88DC02932BD0C00930178 /* ViewRouter.swift */,
			);
			path = ViewModels;
			sourceTree = "<group>";
		};
		58C88DC42932FD1300930178 /* Models */ = {
			isa = PBXGroup;
			children = (
				58C88DC52932FD2500930178 /* EquityModel.swift */,
				58C88DC8293542FE00930178 /* CryptoModel.swift */,
				58C88DDB293D1BD300930178 /* AssetService.swift */,
				58C88DDD293D340200930178 /* NetworkModel.swift */,
				58C88DDF293D4B7500930178 /* MarketTabModel.swift */,
			);
			path = Models;
			sourceTree = "<group>";
		};
		58ED8EA028EE0932007555B6 = {
			isa = PBXGroup;
			children = (
				58ED8EAA28EE0932007555B6 /* Products */,
				58ED8EBA28EE0BCC007555B6 /* README.md */,
				58ED8EAB28EE0932007555B6 /* StockTradingApp */,
			);
			sourceTree = "<group>";
		};
		58ED8EAA28EE0932007555B6 /* Products */ = {
			isa = PBXGroup;
			children = (
				58ED8EA928EE0932007555B6 /* StockTradingApp.app */,
			);
			name = Products;
			sourceTree = "<group>";
		};
		58ED8EAB28EE0932007555B6 /* StockTradingApp */ = {
			isa = PBXGroup;
			children = (
				58C88DC42932FD1300930178 /* Models */,
				58C88DB72932BC6100930178 /* UserAuthentication */,
				58C88D852931BD7A00930178 /* CustomAnimations */,
				58C88D7C29313E7400930178 /* Components */,
				58C88D802931402E00930178 /* Home */,
				58C88D7829312E4700930178 /* Authentication */,
				58C88D7529312C6000930178 /* Extensions */,
				58ED8EAC28EE0932007555B6 /* StockTradingApp.swift */,
				58ED8EB028EE0932007555B6 /* Assets.xcassets */,
				588598DD2929D41E006FC002 /* GoogleService-Info.plist */,
				58ED8EB228EE0932007555B6 /* Preview Content */,
			);
			path = StockTradingApp;
			sourceTree = "<group>";
		};
		58ED8EB228EE0932007555B6 /* Preview Content */ = {
			isa = PBXGroup;
			children = (
				58ED8EB328EE0932007555B6 /* Preview Assets.xcassets */,
			);
			path = "Preview Content";
			sourceTree = "<group>";
		};
/* End PBXGroup section */

/* Begin PBXNativeTarget section */
		58ED8EA828EE0932007555B6 /* StockTradingApp */ = {
			isa = PBXNativeTarget;
			buildConfigurationList = 58ED8EB728EE0932007555B6 /* Build configuration list for PBXNativeTarget "StockTradingApp" */;
			buildPhases = (
				58ED8EA528EE0932007555B6 /* Sources */,
				58ED8EA628EE0932007555B6 /* Frameworks */,
				58ED8EA728EE0932007555B6 /* Resources */,
			);
			buildRules = (
			);
			dependencies = (
			);
			name = StockTradingApp;
			packageProductDependencies = (
				588598E02929D52A006FC002 /* FirebaseAnalytics */,
				588598E22929D52A006FC002 /* FirebaseAnalyticsSwift */,
				588598E42929D52A006FC002 /* FirebaseAuth */,
				588598E62929D52A006FC002 /* FirebaseFirestore */,
			);
			productName = StockTradingApp;
			productReference = 58ED8EA928EE0932007555B6 /* StockTradingApp.app */;
			productType = "com.apple.product-type.application";
		};
/* End PBXNativeTarget section */

/* Begin PBXProject section */
		58ED8EA128EE0932007555B6 /* Project object */ = {
			isa = PBXProject;
			attributes = {
				BuildIndependentTargetsInParallel = 1;
				LastSwiftUpdateCheck = 1340;
				LastUpgradeCheck = 1340;
				TargetAttributes = {
					58ED8EA828EE0932007555B6 = {
						CreatedOnToolsVersion = 13.4.1;
					};
				};
			};
			buildConfigurationList = 58ED8EA428EE0932007555B6 /* Build configuration list for PBXProject "StockTradingApp" */;
			compatibilityVersion = "Xcode 13.0";
			developmentRegion = en;
			hasScannedForEncodings = 0;
			knownRegions = (
				en,
				Base,
			);
			mainGroup = 58ED8EA028EE0932007555B6;
			packageReferences = (
				588598DF2929D52A006FC002 /* XCRemoteSwiftPackageReference "firebase-ios-sdk" */,
			);
			productRefGroup = 58ED8EAA28EE0932007555B6 /* Products */;
			projectDirPath = "";
			projectRoot = "";
			targets = (
				58ED8EA828EE0932007555B6 /* StockTradingApp */,
			);
		};
/* End PBXProject section */

/* Begin PBXResourcesBuildPhase section */
		58ED8EA728EE0932007555B6 /* Resources */ = {
			isa = PBXResourcesBuildPhase;
			buildActionMask = 2147483647;
			files = (
				58ED8EB428EE0932007555B6 /* Preview Assets.xcassets in Resources */,
				58ED8EB128EE0932007555B6 /* Assets.xcassets in Resources */,
				588598DE2929D41E006FC002 /* GoogleService-Info.plist in Resources */,
			);
			runOnlyForDeploymentPostprocessing = 0;
		};
/* End PBXResourcesBuildPhase section */

/* Begin PBXSourcesBuildPhase section */
		58ED8EA528EE0932007555B6 /* Sources */ = {
			isa = PBXSourcesBuildPhase;
			buildActionMask = 2147483647;
			files = (
				58C88DDE293D340200930178 /* NetworkModel.swift in Sources */,
				58C88DBC2932BCAB00930178 /* SignUpView.swift in Sources */,
				58C88DBA2932BC9D00930178 /* MainView.swift in Sources */,
				588598F5292AB111006FC002 /* UserProfileView.swift in Sources */,
				58C88DCD2935941400930178 /* HomeViewModel.swift in Sources */,
				58C88D7729312C7600930178 /* AppExtensions.swift in Sources */,
				58C88DE2293D578900930178 /* MarketTabView.swift in Sources */,
				58C88D7F29313EC300930178 /* CircleButtonView.swift in Sources */,
				588598F1292AAFFC006FC002 /* LoginView.swift in Sources */,
				58C88DE0293D4B7500930178 /* MarketTabModel.swift in Sources */,
				58C88DC62932FD2500930178 /* EquityModel.swift in Sources */,
				588598ED292AADE8006FC002 /* AuthenticationViewModel.swift in Sources */,
				58C88DC32932BDBF00930178 /* HomeView.swift in Sources */,
				588598EF292AAF5B006FC002 /* AuthenticationView.swift in Sources */,
				588598F3292AB03B006FC002 /* SignupView.swift in Sources */,
				58C88DCB2935653300930178 /* CryptoRowView.swift in Sources */,
				588598E9292AABB0006FC002 /* AuthenticatedView.swift in Sources */,
				58C88DCF2936D9DE00930178 /* AssetImageView.swift in Sources */,
				58C88DC9293542FE00930178 /* CryptoModel.swift in Sources */,
				588598EB292AAC47006FC002 /* HomePageView.swift in Sources */,
				58C88DC12932BD0C00930178 /* ViewRouter.swift in Sources */,
				58C88DD82937C7C600930178 /* SearchBarView.swift in Sources */,
				58ED8EAD28EE0932007555B6 /* StockTradingApp.swift in Sources */,
				58C88DDC293D1BD300930178 /* AssetService.swift in Sources */,
				58C88DBE2932BCC600930178 /* SignInView.swift in Sources */,
				58C88D872931BD9900930178 /* RippleAnimation.swift in Sources */,
			);
			runOnlyForDeploymentPostprocessing = 0;
		};
/* End PBXSourcesBuildPhase section */

/* Begin XCBuildConfiguration section */
		58ED8EB528EE0932007555B6 /* Debug */ = {
			isa = XCBuildConfiguration;
			buildSettings = {
				ALWAYS_SEARCH_USER_PATHS = NO;
				CLANG_ANALYZER_NONNULL = YES;
				CLANG_ANALYZER_NUMBER_OBJECT_CONVERSION = YES_AGGRESSIVE;
				CLANG_CXX_LANGUAGE_STANDARD = "gnu++17";
				CLANG_ENABLE_MODULES = YES;
				CLANG_ENABLE_OBJC_ARC = YES;
				CLANG_ENABLE_OBJC_WEAK = YES;
				CLANG_WARN_BLOCK_CAPTURE_AUTORELEASING = YES;
				CLANG_WARN_BOOL_CONVERSION = YES;
				CLANG_WARN_COMMA = YES;
				CLANG_WARN_CONSTANT_CONVERSION = YES;
				CLANG_WARN_DEPRECATED_OBJC_IMPLEMENTATIONS = YES;
				CLANG_WARN_DIRECT_OBJC_ISA_USAGE = YES_ERROR;
				CLANG_WARN_DOCUMENTATION_COMMENTS = YES;
				CLANG_WARN_EMPTY_BODY = YES;
				CLANG_WARN_ENUM_CONVERSION = YES;
				CLANG_WARN_INFINITE_RECURSION = YES;
				CLANG_WARN_INT_CONVERSION = YES;
				CLANG_WARN_NON_LITERAL_NULL_CONVERSION = YES;
				CLANG_WARN_OBJC_IMPLICIT_RETAIN_SELF = YES;
				CLANG_WARN_OBJC_LITERAL_CONVERSION = YES;
				CLANG_WARN_OBJC_ROOT_CLASS = YES_ERROR;
				CLANG_WARN_QUOTED_INCLUDE_IN_FRAMEWORK_HEADER = YES;
				CLANG_WARN_RANGE_LOOP_ANALYSIS = YES;
				CLANG_WARN_STRICT_PROTOTYPES = YES;
				CLANG_WARN_SUSPICIOUS_MOVE = YES;
				CLANG_WARN_UNGUARDED_AVAILABILITY = YES_AGGRESSIVE;
				CLANG_WARN_UNREACHABLE_CODE = YES;
				CLANG_WARN__DUPLICATE_METHOD_MATCH = YES;
				COPY_PHASE_STRIP = NO;
				DEBUG_INFORMATION_FORMAT = dwarf;
				ENABLE_STRICT_OBJC_MSGSEND = YES;
				ENABLE_TESTABILITY = YES;
				GCC_C_LANGUAGE_STANDARD = gnu11;
				GCC_DYNAMIC_NO_PIC = NO;
				GCC_NO_COMMON_BLOCKS = YES;
				GCC_OPTIMIZATION_LEVEL = 0;
				GCC_PREPROCESSOR_DEFINITIONS = (
					"DEBUG=1",
					"$(inherited)",
				);
				GCC_WARN_64_TO_32_BIT_CONVERSION = YES;
				GCC_WARN_ABOUT_RETURN_TYPE = YES_ERROR;
				GCC_WARN_UNDECLARED_SELECTOR = YES;
				GCC_WARN_UNINITIALIZED_AUTOS = YES_AGGRESSIVE;
				GCC_WARN_UNUSED_FUNCTION = YES;
				GCC_WARN_UNUSED_VARIABLE = YES;
				IPHONEOS_DEPLOYMENT_TARGET = 15.5;
				MTL_ENABLE_DEBUG_INFO = INCLUDE_SOURCE;
				MTL_FAST_MATH = YES;
				ONLY_ACTIVE_ARCH = YES;
				SDKROOT = iphoneos;
				SWIFT_ACTIVE_COMPILATION_CONDITIONS = DEBUG;
				SWIFT_OPTIMIZATION_LEVEL = "-Onone";
			};
			name = Debug;
		};
		58ED8EB628EE0932007555B6 /* Release */ = {
			isa = XCBuildConfiguration;
			buildSettings = {
				ALWAYS_SEARCH_USER_PATHS = NO;
				CLANG_ANALYZER_NONNULL = YES;
				CLANG_ANALYZER_NUMBER_OBJECT_CONVERSION = YES_AGGRESSIVE;
				CLANG_CXX_LANGUAGE_STANDARD = "gnu++17";
				CLANG_ENABLE_MODULES = YES;
				CLANG_ENABLE_OBJC_ARC = YES;
				CLANG_ENABLE_OBJC_WEAK = YES;
				CLANG_WARN_BLOCK_CAPTURE_AUTORELEASING = YES;
				CLANG_WARN_BOOL_CONVERSION = YES;
				CLANG_WARN_COMMA = YES;
				CLANG_WARN_CONSTANT_CONVERSION = YES;
				CLANG_WARN_DEPRECATED_OBJC_IMPLEMENTATIONS = YES;
				CLANG_WARN_DIRECT_OBJC_ISA_USAGE = YES_ERROR;
				CLANG_WARN_DOCUMENTATION_COMMENTS = YES;
				CLANG_WARN_EMPTY_BODY = YES;
				CLANG_WARN_ENUM_CONVERSION = YES;
				CLANG_WARN_INFINITE_RECURSION = YES;
				CLANG_WARN_INT_CONVERSION = YES;
				CLANG_WARN_NON_LITERAL_NULL_CONVERSION = YES;
				CLANG_WARN_OBJC_IMPLICIT_RETAIN_SELF = YES;
				CLANG_WARN_OBJC_LITERAL_CONVERSION = YES;
				CLANG_WARN_OBJC_ROOT_CLASS = YES_ERROR;
				CLANG_WARN_QUOTED_INCLUDE_IN_FRAMEWORK_HEADER = YES;
				CLANG_WARN_RANGE_LOOP_ANALYSIS = YES;
				CLANG_WARN_STRICT_PROTOTYPES = YES;
				CLANG_WARN_SUSPICIOUS_MOVE = YES;
				CLANG_WARN_UNGUARDED_AVAILABILITY = YES_AGGRESSIVE;
				CLANG_WARN_UNREACHABLE_CODE = YES;
				CLANG_WARN__DUPLICATE_METHOD_MATCH = YES;
				COPY_PHASE_STRIP = NO;
				DEBUG_INFORMATION_FORMAT = "dwarf-with-dsym";
				ENABLE_NS_ASSERTIONS = NO;
				ENABLE_STRICT_OBJC_MSGSEND = YES;
				GCC_C_LANGUAGE_STANDARD = gnu11;
				GCC_NO_COMMON_BLOCKS = YES;
				GCC_WARN_64_TO_32_BIT_CONVERSION = YES;
				GCC_WARN_ABOUT_RETURN_TYPE = YES_ERROR;
				GCC_WARN_UNDECLARED_SELECTOR = YES;
				GCC_WARN_UNINITIALIZED_AUTOS = YES_AGGRESSIVE;
				GCC_WARN_UNUSED_FUNCTION = YES;
				GCC_WARN_UNUSED_VARIABLE = YES;
				IPHONEOS_DEPLOYMENT_TARGET = 15.5;
				MTL_ENABLE_DEBUG_INFO = NO;
				MTL_FAST_MATH = YES;
				SDKROOT = iphoneos;
				SWIFT_COMPILATION_MODE = wholemodule;
				SWIFT_OPTIMIZATION_LEVEL = "-O";
				VALIDATE_PRODUCT = YES;
			};
			name = Release;
		};
		58ED8EB828EE0932007555B6 /* Debug */ = {
			isa = XCBuildConfiguration;
			buildSettings = {
				ASSETCATALOG_COMPILER_APPICON_NAME = AppIcon;
				ASSETCATALOG_COMPILER_GLOBAL_ACCENT_COLOR_NAME = AccentColor;
				CODE_SIGN_STYLE = Automatic;
				CURRENT_PROJECT_VERSION = 1;
				DEVELOPMENT_ASSET_PATHS = "\"StockTradingApp/Preview Content\"";
				DEVELOPMENT_TEAM = 3GHCZ599GT;
				ENABLE_PREVIEWS = YES;
				GENERATE_INFOPLIST_FILE = YES;
				INFOPLIST_KEY_CFBundleDisplayName = "Asset Portfolio";
				INFOPLIST_KEY_UIApplicationSceneManifest_Generation = YES;
				INFOPLIST_KEY_UIApplicationSupportsIndirectInputEvents = YES;
				INFOPLIST_KEY_UILaunchScreen_Generation = YES;
				INFOPLIST_KEY_UISupportedInterfaceOrientations = UIInterfaceOrientationPortrait;
				IPHONEOS_DEPLOYMENT_TARGET = 16.0;
				LD_RUNPATH_SEARCH_PATHS = (
					"$(inherited)",
					"@executable_path/Frameworks",
				);
				MARKETING_VERSION = 1.0;
				PRODUCT_BUNDLE_IDENTIFIER = com.zk.StockTradingApp;
				PRODUCT_NAME = "$(TARGET_NAME)";
				SWIFT_EMIT_LOC_STRINGS = YES;
				SWIFT_VERSION = 5.0;
				TARGETED_DEVICE_FAMILY = "1,2";
			};
			name = Debug;
		};
		58ED8EB928EE0932007555B6 /* Release */ = {
			isa = XCBuildConfiguration;
			buildSettings = {
				ASSETCATALOG_COMPILER_APPICON_NAME = AppIcon;
				ASSETCATALOG_COMPILER_GLOBAL_ACCENT_COLOR_NAME = AccentColor;
				CODE_SIGN_STYLE = Automatic;
				CURRENT_PROJECT_VERSION = 1;
				DEVELOPMENT_ASSET_PATHS = "\"StockTradingApp/Preview Content\"";
				DEVELOPMENT_TEAM = 3GHCZ599GT;
				ENABLE_PREVIEWS = YES;
				GENERATE_INFOPLIST_FILE = YES;
				INFOPLIST_KEY_CFBundleDisplayName = "Asset Portfolio";
				INFOPLIST_KEY_UIApplicationSceneManifest_Generation = YES;
				INFOPLIST_KEY_UIApplicationSupportsIndirectInputEvents = YES;
				INFOPLIST_KEY_UILaunchScreen_Generation = YES;
				INFOPLIST_KEY_UISupportedInterfaceOrientations = UIInterfaceOrientationPortrait;
				IPHONEOS_DEPLOYMENT_TARGET = 16.0;
				LD_RUNPATH_SEARCH_PATHS = (
					"$(inherited)",
					"@executable_path/Frameworks",
				);
				MARKETING_VERSION = 1.0;
				PRODUCT_BUNDLE_IDENTIFIER = com.zk.StockTradingApp;
				PRODUCT_NAME = "$(TARGET_NAME)";
				SWIFT_EMIT_LOC_STRINGS = YES;
				SWIFT_VERSION = 5.0;
				TARGETED_DEVICE_FAMILY = "1,2";
			};
			name = Release;
		};
/* End XCBuildConfiguration section */

/* Begin XCConfigurationList section */
		58ED8EA428EE0932007555B6 /* Build configuration list for PBXProject "StockTradingApp" */ = {
			isa = XCConfigurationList;
			buildConfigurations = (
				58ED8EB528EE0932007555B6 /* Debug */,
				58ED8EB628EE0932007555B6 /* Release */,
			);
			defaultConfigurationIsVisible = 0;
			defaultConfigurationName = Release;
		};
		58ED8EB728EE0932007555B6 /* Build configuration list for PBXNativeTarget "StockTradingApp" */ = {
			isa = XCConfigurationList;
			buildConfigurations = (
				58ED8EB828EE0932007555B6 /* Debug */,
				58ED8EB928EE0932007555B6 /* Release */,
			);
			defaultConfigurationIsVisible = 0;
			defaultConfigurationName = Release;
		};
/* End XCConfigurationList section */

/* Begin XCRemoteSwiftPackageReference section */
		588598DF2929D52A006FC002 /* XCRemoteSwiftPackageReference "firebase-ios-sdk" */ = {
			isa = XCRemoteSwiftPackageReference;
			repositoryURL = "https://github.com/firebase/firebase-ios-sdk";
			requirement = {
				kind = upToNextMajorVersion;
				minimumVersion = 9.0.0;
			};
		};
/* End XCRemoteSwiftPackageReference section */

/* Begin XCSwiftPackageProductDependency section */
		588598E02929D52A006FC002 /* FirebaseAnalytics */ = {
			isa = XCSwiftPackageProductDependency;
			package = 588598DF2929D52A006FC002 /* XCRemoteSwiftPackageReference "firebase-ios-sdk" */;
			productName = FirebaseAnalytics;
		};
		588598E22929D52A006FC002 /* FirebaseAnalyticsSwift */ = {
			isa = XCSwiftPackageProductDependency;
			package = 588598DF2929D52A006FC002 /* XCRemoteSwiftPackageReference "firebase-ios-sdk" */;
			productName = FirebaseAnalyticsSwift;
		};
		588598E42929D52A006FC002 /* FirebaseAuth */ = {
			isa = XCSwiftPackageProductDependency;
			package = 588598DF2929D52A006FC002 /* XCRemoteSwiftPackageReference "firebase-ios-sdk" */;
			productName = FirebaseAuth;
		};
		588598E62929D52A006FC002 /* FirebaseFirestore */ = {
			isa = XCSwiftPackageProductDependency;
			package = 588598DF2929D52A006FC002 /* XCRemoteSwiftPackageReference "firebase-ios-sdk" */;
			productName = FirebaseFirestore;
		};
/* End XCSwiftPackageProductDependency section */
	};
	rootObject = 58ED8EA128EE0932007555B6 /* Project object */;
}
